{
  "name": "尚硅谷Vue技术",
  "lockfileVersion": 3,
  "requires": true,
  "packages": {
    "": {
      "dependencies": {
        "nanoid": "^5.0.2"
      }
    },
    "node_modules/nanoid": {
      "version": "5.0.2",
      "resolved": "https://registry.npmmirror.com/nanoid/-/nanoid-5.0.2.tgz",
      "integrity": "sha512-2ustYUX1R2rL/Br5B/FMhi8d5/QzvkJ912rBYxskcpu0myTHzSZfTr1LAS2Sm7jxRUObRrSBFoyzwAhL49aVSg==",
      "bin": {
        "nanoid": "bin/nanoid.js"
      },
      "engines": {
        "node": "^18 || >=20"
      }
    }
  }
}
